
Microsoft Visual Studio Solution File, Format Version 12.00
# Visual Studio Version 16
VisualStudioVersion = 16.0.30114.105
MinimumVisualStudioVersion = 10.0.40219.1
Project("{FAE04EC0-301F-11D3-BF4B-00C04F79EFBC}") = "API", "API\API.csproj", "{C1B33F84-1499-4241-82C3-B894FD2E2C23}"
EndProject
Project("{FAE04EC0-301F-11D3-BF4B-00C04F79EFBC}") = "Core", "Core\Core.csproj", "{0D58F310-0D08-44D6-95AF-542C41C4D5ED}"
EndProject
Project("{FAE04EC0-301F-11D3-BF4B-00C04F79EFBC}") = "Infrastructure", "Infrastructure\Infrastructure.csproj", "{AD5659DE-1ADA-42A0-A766-BD3C911EEF44}"
EndProject
Global
	GlobalSection(SolutionConfigurationPlatforms) = preSolution
		Debug|Any CPU = Debug|Any CPU
		Release|Any CPU = Release|Any CPU
	EndGlobalSection
	GlobalSection(SolutionProperties) = preSolution
		HideSolutionNode = FALSE
	EndGlobalSection
	GlobalSection(ProjectConfigurationPlatforms) = postSolution
		{C1B33F84-1499-4241-82C3-B894FD2E2C23}.Debug|Any CPU.ActiveCfg = Debug|Any CPU
		{C1B33F84-1499-4241-82C3-B894FD2E2C23}.Debug|Any CPU.Build.0 = Debug|Any CPU
		{C1B33F84-1499-4241-82C3-B894FD2E2C23}.Release|Any CPU.ActiveCfg = Release|Any CPU
		{C1B33F84-1499-4241-82C3-B894FD2E2C23}.Release|Any CPU.Build.0 = Release|Any CPU
		{0D58F310-0D08-44D6-95AF-542C41C4D5ED}.Debug|Any CPU.ActiveCfg = Debug|Any CPU
		{0D58F310-0D08-44D6-95AF-542C41C4D5ED}.Debug|Any CPU.Build.0 = Debug|Any CPU
		{0D58F310-0D08-44D6-95AF-542C41C4D5ED}.Release|Any CPU.ActiveCfg = Release|Any CPU
		{0D58F310-0D08-44D6-95AF-542C41C4D5ED}.Release|Any CPU.Build.0 = Release|Any CPU
		{AD5659DE-1ADA-42A0-A766-BD3C911EEF44}.Debug|Any CPU.ActiveCfg = Debug|Any CPU
		{AD5659DE-1ADA-42A0-A766-BD3C911EEF44}.Debug|Any CPU.Build.0 = Debug|Any CPU
		{AD5659DE-1ADA-42A0-A766-BD3C911EEF44}.Release|Any CPU.ActiveCfg = Release|Any CPU
		{AD5659DE-1ADA-42A0-A766-BD3C911EEF44}.Release|Any CPU.Build.0 = Release|Any CPU
	EndGlobalSection
EndGlobal
